// !$*UTF8*$!
{
	archiveVersion = 1;
	classes = {
	};
	objectVersion = 50;
	objects = {

/* Begin PBXBuildFile section */
		69ED2275113DC74BF17DE4C4 /* Pods_tiktokclone.framework in Frameworks */ = {isa = PBXBuildFile; fileRef = 16510C2A4E8F47DF43D9AFCA /* Pods_tiktokclone.framework */; };
		E19FF0B526E1433F00C96C38 /* AppDelegate.swift in Sources */ = {isa = PBXBuildFile; fileRef = E19FF0B426E1433F00C96C38 /* AppDelegate.swift */; };
		E19FF0B726E1433F00C96C38 /* SceneDelegate.swift in Sources */ = {isa = PBXBuildFile; fileRef = E19FF0B626E1433F00C96C38 /* SceneDelegate.swift */; };
		E19FF0B926E1433F00C96C38 /* ViewController.swift in Sources */ = {isa = PBXBuildFile; fileRef = E19FF0B826E1433F00C96C38 /* ViewController.swift */; };
		E19FF0BC26E1433F00C96C38 /* Main.storyboard in Resources */ = {isa = PBXBuildFile; fileRef = E19FF0BA26E1433F00C96C38 /* Main.storyboard */; };
		E19FF0BE26E1434100C96C38 /* Assets.xcassets in Resources */ = {isa = PBXBuildFile; fileRef = E19FF0BD26E1434100C96C38 /* Assets.xcassets */; };
		E19FF0C126E1434100C96C38 /* LaunchScreen.storyboard in Resources */ = {isa = PBXBuildFile; fileRef = E19FF0BF26E1434100C96C38 /* LaunchScreen.storyboard */; };
/* End PBXBuildFile section */

/* Begin PBXFileReference section */
		16510C2A4E8F47DF43D9AFCA /* Pods_tiktokclone.framework */ = {isa = PBXFileReference; explicitFileType = wrapper.framework; includeInIndex = 0; path = Pods_tiktokclone.framework; sourceTree = BUILT_PRODUCTS_DIR; };
		8C1F36B5EF6D6B498979332F /* Pods-tiktokclone.release.xcconfig */ = {isa = PBXFileReference; includeInIndex = 1; lastKnownFileType = text.xcconfig; name = "Pods-tiktokclone.release.xcconfig"; path = "Target Support Files/Pods-tiktokclone/Pods-tiktokclone.release.xcconfig"; sourceTree = "<group>"; };
		DC4656C44A719FC2C61EBFA3 /* Pods-tiktokclone.debug.xcconfig */ = {isa = PBXFileReference; includeInIndex = 1; lastKnownFileType = text.xcconfig; name = "Pods-tiktokclone.debug.xcconfig"; path = "Target Support Files/Pods-tiktokclone/Pods-tiktokclone.debug.xcconfig"; sourceTree = "<group>"; };
		E19FF0B126E1433F00C96C38 /* tiktokclone.app */ = {isa = PBXFileReference; explicitFileType = wrapper.application; includeInIndex = 0; path = tiktokclone.app; sourceTree = BUILT_PRODUCTS_DIR; };
		E19FF0B426E1433F00C96C38 /* AppDelegate.swift */ = {isa = PBXFileReference; lastKnownFileType = sourcecode.swift; path = AppDelegate.swift; sourceTree = "<group>"; };
		E19FF0B626E1433F00C96C38 /* SceneDelegate.swift */ = {isa = PBXFileReference; lastKnownFileType = sourcecode.swift; path = SceneDelegate.swift; sourceTree = "<group>"; };
		E19FF0B826E1433F00C96C38 /* ViewController.swift */ = {isa = PBXFileReference; lastKnownFileType = sourcecode.swift; path = ViewController.swift; sourceTree = "<group>"; };
		E19FF0BB26E1433F00C96C38 /* Base */ = {isa = PBXFileReference; lastKnownFileType = file.storyboard; name = Base; path = Base.lproj/Main.storyboard; sourceTree = "<group>"; };
		E19FF0BD26E1434100C96C38 /* Assets.xcassets */ = {isa = PBXFileReference; lastKnownFileType = folder.assetcatalog; path = Assets.xcassets; sourceTree = "<group>"; };
		E19FF0C026E1434100C96C38 /* Base */ = {isa = PBXFileReference; lastKnownFileType = file.storyboard; name = Base; path = Base.lproj/LaunchScreen.storyboard; sourceTree = "<group>"; };
		E19FF0C226E1434100C96C38 /* Info.plist */ = {isa = PBXFileReference; lastKnownFileType = text.plist.xml; path = Info.plist; sourceTree = "<group>"; };
/* End PBXFileReference section */

/* Begin PBXFrameworksBuildPhase section */
		E19FF0AE26E1433F00C96C38 /* Frameworks */ = {
			isa = PBXFrameworksBuildPhase;
			buildActionMask = 2147483647;
			files = (
				69ED2275113DC74BF17DE4C4 /* Pods_tiktokclone.framework in Frameworks */,
			);
			runOnlyForDeploymentPostprocessing = 0;
		};
/* End PBXFrameworksBuildPhase section */

/* Begin PBXGroup section */
		62D19E339FC7C5C7EF2EFFD9 /* Pods */ = {
			isa = PBXGroup;
			children = (
				DC4656C44A719FC2C61EBFA3 /* Pods-tiktokclone.debug.xcconfig */,
				8C1F36B5EF6D6B498979332F /* Pods-tiktokclone.release.xcconfig */,
			);
			name = Pods;
			path = Pods;
			sourceTree = "<group>";
		};
		E19FF0A826E1433F00C96C38 = {
			isa = PBXGroup;
			children = (
				E19FF0B326E1433F00C96C38 /* tiktokclone */,
				E19FF0B226E1433F00C96C38 /* Products */,
				62D19E339FC7C5C7EF2EFFD9 /* Pods */,
				F83940BBD61E0F9A502DABE0 /* Frameworks */,
			);
			sourceTree = "<group>";
		};
		E19FF0B226E1433F00C96C38 /* Products */ = {
			isa = PBXGroup;
			children = (
				E19FF0B126E1433F00C96C38 /* tiktokclone.app */,
			);
			name = Products;
			sourceTree = "<group>";
		};
		E19FF0B326E1433F00C96C38 /* tiktokclone */ = {
			isa = PBXGroup;
			children = (
				E19FF0B426E1433F00C96C38 /* AppDelegate.swift */,
				E19FF0B626E1433F00C96C38 /* SceneDelegate.swift */,
				E19FF0B826E1433F00C96C38 /* ViewController.swift */,
				E19FF0BA26E1433F00C96C38 /* Main.storyboard */,
				E19FF0BD26E1434100C96C38 /* Assets.xcassets */,
				E19FF0BF26E1434100C96C38 /* LaunchScreen.storyboard */,
				E19FF0C226E1434100C96C38 /* Info.plist */,
			);
			path = tiktokclone;
			sourceTree = "<group>";
		};
		F83940BBD61E0F9A502DABE0 /* Frameworks */ = {
			isa = PBXGroup;
			children = (
				16510C2A4E8F47DF43D9AFCA /* Pods_tiktokclone.framework */,
			);
			name = Frameworks;
			sourceTree = "<group>";
		};
/* End PBXGroup section */

/* Begin PBXNativeTarget section */
		E19FF0B026E1433F00C96C38 /* tiktokclone */ = {
			isa = PBXNativeTarget;
			buildConfigurationList = E19FF0C526E1434100C96C38 /* Build configuration list for PBXNativeTarget "tiktokclone" */;
			buildPhases = (
				DBAE1621C03DDAAD7367DCCB /* [CP] Check Pods Manifest.lock */,
				E19FF0AD26E1433F00C96C38 /* Sources */,
				E19FF0AE26E1433F00C96C38 /* Frameworks */,
				E19FF0AF26E1433F00C96C38 /* Resources */,
				9D2590363AF14498FC829D76 /* [CP] Embed Pods Frameworks */,
			);
			buildRules = (
			);
			dependencies = (
			);
			name = tiktokclone;
			productName = tiktokclone;
			productReference = E19FF0B126E1433F00C96C38 /* tiktokclone.app */;
			productType = "com.apple.product-type.application";
		};
/* End PBXNativeTarget section */

/* Begin PBXProject section */
		E19FF0A926E1433F00C96C38 /* Project object */ = {
			isa = PBXProject;
			attributes = {
				LastSwiftUpdateCheck = 1250;
				LastUpgradeCheck = 1250;
				TargetAttributes = {
					E19FF0B026E1433F00C96C38 = {
						CreatedOnToolsVersion = 12.5.1;
					};
				};
			};
			buildConfigurationList = E19FF0AC26E1433F00C96C38 /* Build configuration list for PBXProject "tiktokclone" */;
			compatibilityVersion = "Xcode 9.3";
			developmentRegion = en;
			hasScannedForEncodings = 0;
			knownRegions = (
				en,
				Base,
			);
			mainGroup = E19FF0A826E1433F00C96C38;
			productRefGroup = E19FF0B226E1433F00C96C38 /* Products */;
			projectDirPath = "";
			projectRoot = "";
			targets = (
				E19FF0B026E1433F00C96C38 /* tiktokclone */,
			);
		};
/* End PBXProject section */

/* Begin PBXResourcesBuildPhase section */
		E19FF0AF26E1433F00C96C38 /* Resources */ = {
			isa = PBXResourcesBuildPhase;
			buildActionMask = 2147483647;
			files = (
				E19FF0C126E1434100C96C38 /* LaunchScreen.storyboard in Resources */,
				E19FF0BE26E1434100C96C38 /* Assets.xcassets in Resources */,
				E19FF0BC26E1433F00C96C38 /* Main.storyboard in Resources */,
			);
			runOnlyForDeploymentPostprocessing = 0;
		};
/* End PBXResourcesBuildPhase section */

/* Begin PBXShellScriptBuildPhase section */
		9D2590363AF14498FC829D76 /* [CP] Embed Pods Frameworks */ = {
			isa = PBXShellScriptBuildPhase;
			buildActionMask = 2147483647;
			files = (
			);
			inputFileListPaths = (
				"${PODS_ROOT}/Target Support Files/Pods-tiktokclone/Pods-tiktokclone-frameworks-${CONFIGURATION}-input-files.xcfilelist",
			);
			name = "[CP] Embed Pods Frameworks";
			outputFileListPaths = (
				"${PODS_ROOT}/Target Support Files/Pods-tiktokclone/Pods-tiktokclone-frameworks-${CONFIGURATION}-output-files.xcfilelist",
			);
			runOnlyForDeploymentPostprocessing = 0;
			shellPath = /bin/sh;
			shellScript = "\"${PODS_ROOT}/Target Support Files/Pods-tiktokclone/Pods-tiktokclone-frameworks.sh\"\n";
			showEnvVarsInLog = 0;
		};
		DBAE1621C03DDAAD7367DCCB /* [CP] Check Pods Manifest.lock */ = {
			isa = PBXShellScriptBuildPhase;
			buildActionMask = 2147483647;
			files = (
			);
			inputFileListPaths = (
			);
			inputPaths = (
				"${PODS_PODFILE_DIR_PATH}/Podfile.lock",
				"${PODS_ROOT}/Manifest.lock",
			);
			name = "[CP] Check Pods Manifest.lock";
			outputFileListPaths = (
			);
			outputPaths = (
				"$(DERIVED_FILE_DIR)/Pods-tiktokclone-checkManifestLockResult.txt",
			);
			runOnlyForDeploymentPostprocessing = 0;
			shellPath = /bin/sh;
			shellScript = "diff \"${PODS_PODFILE_DIR_PATH}/Podfile.lock\" \"${PODS_ROOT}/Manifest.lock\" > /dev/null\nif [ $? != 0 ] ; then\n    # print error to STDERR\n    echo \"error: The sandbox is not in sync with the Podfile.lock. Run 'pod install' or update your CocoaPods installation.\" >&2\n    exit 1\nfi\n# This output is used by Xcode 'outputs' to avoid re-running this script phase.\necho \"SUCCESS\" > \"${SCRIPT_OUTPUT_FILE_0}\"\n";
			showEnvVarsInLog = 0;
		};
/* End PBXShellScriptBuildPhase section */

/* Begin PBXSourcesBuildPhase section */
		E19FF0AD26E1433F00C96C38 /* Sources */ = {
			isa = PBXSourcesBuildPhase;
			buildActionMask = 2147483647;
			files = (
				E19FF0B926E1433F00C96C38 /* ViewController.swift in Sources */,
				E19FF0B526E1433F00C96C38 /* AppDelegate.swift in Sources */,
				E19FF0B726E1433F00C96C38 /* SceneDelegate.swift in Sources */,
			);
			runOnlyForDeploymentPostprocessing = 0;
		};
/* End PBXSourcesBuildPhase section */

/* Begin PBXVariantGroup section */
		E19FF0BA26E1433F00C96C38 /* Main.storyboard */ = {
			isa = PBXVariantGroup;
			children = (
				E19FF0BB26E1433F00C96C38 /* Base */,
			);
			name = Main.storyboard;
			sourceTree = "<group>";
		};
		E19FF0BF26E1434100C96C38 /* LaunchScreen.storyboard */ = {
			isa = PBXVariantGroup;
			children = (
				E19FF0C026E1434100C96C38 /* Base */,
			);
			name = LaunchScreen.storyboard;
			sourceTree = "<group>";
		};
/* End PBXVariantGroup section */

/* Begin XCBuildConfiguration section */
		E19FF0C326E1434100C96C38 /* Debug */ = {
			isa = XCBuildConfiguration;
			buildSettings = {
				ALWAYS_SEARCH_USER_PATHS = NO;
				CLANG_ANALYZER_NONNULL = YES;
				CLANG_ANALYZER_NUMBER_OBJECT_CONVERSION = YES_AGGRESSIVE;
				CLANG_CXX_LANGUAGE_STANDARD = "gnu++14";
				CLANG_CXX_LIBRARY = "libc++";
				CLANG_ENABLE_MODULES = YES;
				CLANG_ENABLE_OBJC_ARC = YES;
				CLANG_ENABLE_OBJC_WEAK = YES;
				CLANG_WARN_BLOCK_CAPTURE_AUTORELEASING = YES;
				CLANG_WARN_BOOL_CONVERSION = YES;
				CLANG_WARN_COMMA = YES;
				CLANG_WARN_CONSTANT_CONVERSION = YES;
				CLANG_WARN_DEPRECATED_OBJC_IMPLEMENTATIONS = YES;
				CLANG_WARN_DIRECT_OBJC_ISA_USAGE = YES_ERROR;
				CLANG_WARN_DOCUMENTATION_COMMENTS = YES;
				CLANG_WARN_EMPTY_BODY = YES;
				CLANG_WARN_ENUM_CONVERSION = YES;
				CLANG_WARN_INFINITE_RECURSION = YES;
				CLANG_WARN_INT_CONVERSION = YES;
				CLANG_WARN_NON_LITERAL_NULL_CONVERSION = YES;
				CLANG_WARN_OBJC_IMPLICIT_RETAIN_SELF = YES;
				CLANG_WARN_OBJC_LITERAL_CONVERSION = YES;
				CLANG_WARN_OBJC_ROOT_CLASS = YES_ERROR;
				CLANG_WARN_QUOTED_INCLUDE_IN_FRAMEWORK_HEADER = YES;
				CLANG_WARN_RANGE_LOOP_ANALYSIS = YES;
				CLANG_WARN_STRICT_PROTOTYPES = YES;
				CLANG_WARN_SUSPICIOUS_MOVE = YES;
				CLANG_WARN_UNGUARDED_AVAILABILITY = YES_AGGRESSIVE;
				CLANG_WARN_UNREACHABLE_CODE = YES;
				CLANG_WARN__DUPLICATE_METHOD_MATCH = YES;
				COPY_PHASE_STRIP = NO;
				DEBUG_INFORMATION_FORMAT = dwarf;
				ENABLE_STRICT_OBJC_MSGSEND = YES;
				ENABLE_TESTABILITY = YES;
				GCC_C_LANGUAGE_STANDARD = gnu11;
				GCC_DYNAMIC_NO_PIC = NO;
				GCC_NO_COMMON_BLOCKS = YES;
				GCC_OPTIMIZATION_LEVEL = 0;
				GCC_PREPROCESSOR_DEFINITIONS = (
					"DEBUG=1",
					"$(inherited)",
				);
				GCC_WARN_64_TO_32_BIT_CONVERSION = YES;
				GCC_WARN_ABOUT_RETURN_TYPE = YES_ERROR;
				GCC_WARN_UNDECLARED_SELECTOR = YES;
				GCC_WARN_UNINITIALIZED_AUTOS = YES_AGGRESSIVE;
				GCC_WARN_UNUSED_FUNCTION = YES;
				GCC_WARN_UNUSED_VARIABLE = YES;
				IPHONEOS_DEPLOYMENT_TARGET = 14.5;
				MTL_ENABLE_DEBUG_INFO = INCLUDE_SOURCE;
				MTL_FAST_MATH = YES;
				ONLY_ACTIVE_ARCH = YES;
				SDKROOT = iphoneos;
				SWIFT_ACTIVE_COMPILATION_CONDITIONS = DEBUG;
				SWIFT_OPTIMIZATION_LEVEL = "-Onone";
			};
			name = Debug;
		};
		E19FF0C426E1434100C96C38 /* Release */ = {
			isa = XCBuildConfiguration;
			buildSettings = {
				ALWAYS_SEARCH_USER_PATHS = NO;
				CLANG_ANALYZER_NONNULL = YES;
				CLANG_ANALYZER_NUMBER_OBJECT_CONVERSION = YES_AGGRESSIVE;
				CLANG_CXX_LANGUAGE_STANDARD = "gnu++14";
				CLANG_CXX_LIBRARY = "libc++";
				CLANG_ENABLE_MODULES = YES;
				CLANG_ENABLE_OBJC_ARC = YES;
				CLANG_ENABLE_OBJC_WEAK = YES;
				CLANG_WARN_BLOCK_CAPTURE_AUTORELEASING = YES;
				CLANG_WARN_BOOL_CONVERSION = YES;
				CLANG_WARN_COMMA = YES;
				CLANG_WARN_CONSTANT_CONVERSION = YES;
				CLANG_WARN_DEPRECATED_OBJC_IMPLEMENTATIONS = YES;
				CLANG_WARN_DIRECT_OBJC_ISA_USAGE = YES_ERROR;
				CLANG_WARN_DOCUMENTATION_COMMENTS = YES;
				CLANG_WARN_EMPTY_BODY = YES;
				CLANG_WARN_ENUM_CONVERSION = YES;
				CLANG_WARN_INFINITE_RECURSION = YES;
				CLANG_WARN_INT_CONVERSION = YES;
				CLANG_WARN_NON_LITERAL_NULL_CONVERSION = YES;
				CLANG_WARN_OBJC_IMPLICIT_RETAIN_SELF = YES;
				CLANG_WARN_OBJC_LITERAL_CONVERSION = YES;
				CLANG_WARN_OBJC_ROOT_CLASS = YES_ERROR;
				CLANG_WARN_QUOTED_INCLUDE_IN_FRAMEWORK_HEADER = YES;
				CLANG_WARN_RANGE_LOOP_ANALYSIS = YES;
				CLANG_WARN_STRICT_PROTOTYPES = YES;
				CLANG_WARN_SUSPICIOUS_MOVE = YES;
				CLANG_WARN_UNGUARDED_AVAILABILITY = YES_AGGRESSIVE;
				CLANG_WARN_UNREACHABLE_CODE = YES;
				CLANG_WARN__DUPLICATE_METHOD_MATCH = YES;
				COPY_PHASE_STRIP = NO;
				DEBUG_INFORMATION_FORMAT = "dwarf-with-dsym";
				ENABLE_NS_ASSERTIONS = NO;
				ENABLE_STRICT_OBJC_MSGSEND = YES;
				GCC_C_LANGUAGE_STANDARD = gnu11;
				GCC_NO_COMMON_BLOCKS = YES;
				GCC_WARN_64_TO_32_BIT_CONVERSION = YES;
				GCC_WARN_ABOUT_RETURN_TYPE = YES_ERROR;
				GCC_WARN_UNDECLARED_SELECTOR = YES;
				GCC_WARN_UNINITIALIZED_AUTOS = YES_AGGRESSIVE;
				GCC_WARN_UNUSED_FUNCTION = YES;
				GCC_WARN_UNUSED_VARIABLE = YES;
				IPHONEOS_DEPLOYMENT_TARGET = 14.5;
				MTL_ENABLE_DEBUG_INFO = NO;
				MTL_FAST_MATH = YES;
				SDKROOT = iphoneos;
				SWIFT_COMPILATION_MODE = wholemodule;
				SWIFT_OPTIMIZATION_LEVEL = "-O";
				VALIDATE_PRODUCT = YES;
			};
			name = Release;
		};
		E19FF0C626E1434100C96C38 /* Debug */ = {
			isa = XCBuildConfiguration;
			baseConfigurationReference = DC4656C44A719FC2C61EBFA3 /* Pods-tiktokclone.debug.xcconfig */;
			buildSettings = {
				ASSETCATALOG_COMPILER_APPICON_NAME = AppIcon;
				ASSETCATALOG_COMPILER_GLOBAL_ACCENT_COLOR_NAME = AccentColor;
				CODE_SIGN_STYLE = Automatic;
				INFOPLIST_FILE = tiktokclone/Info.plist;
				LD_RUNPATH_SEARCH_PATHS = (
					"$(inherited)",
					"@executable_path/Frameworks",
				);
				PRODUCT_BUNDLE_IDENTIFIER = com.duynguyen.tiktokclone;
				PRODUCT_NAME = "$(TARGET_NAME)";
				SWIFT_VERSION = 5.0;
				TARGETED_DEVICE_FAMILY = "1,2";
			};
			name = Debug;
		};
		E19FF0C726E1434100C96C38 /* Release */ = {
			isa = XCBuildConfiguration;
			baseConfigurationReference = 8C1F36B5EF6D6B498979332F /* Pods-tiktokclone.release.xcconfig */;
			buildSettings = {
				ASSETCATALOG_COMPILER_APPICON_NAME = AppIcon;
				ASSETCATALOG_COMPILER_GLOBAL_ACCENT_COLOR_NAME = AccentColor;
				CODE_SIGN_STYLE = Automatic;
				INFOPLIST_FILE = tiktokclone/Info.plist;
				LD_RUNPATH_SEARCH_PATHS = (
					"$(inherited)",
					"@executable_path/Frameworks",
				);
				PRODUCT_BUNDLE_IDENTIFIER = com.duynguyen.tiktokclone;
				PRODUCT_NAME = "$(TARGET_NAME)";
				SWIFT_VERSION = 5.0;
				TARGETED_DEVICE_FAMILY = "1,2";
			};
			name = Release;
		};
/* End XCBuildConfiguration section */

/* Begin XCConfigurationList section */
		E19FF0AC26E1433F00C96C38 /* Build configuration list for PBXProject "tiktokclone" */ = {
			isa = XCConfigurationList;
			buildConfigurations = (
				E19FF0C326E1434100C96C38 /* Debug */,
				E19FF0C426E1434100C96C38 /* Release */,
			);
			defaultConfigurationIsVisible = 0;
			defaultConfigurationName = Release;
		};
		E19FF0C526E1434100C96C38 /* Build configuration list for PBXNativeTarget "tiktokclone" */ = {
			isa = XCConfigurationList;
			buildConfigurations = (
				E19FF0C626E1434100C96C38 /* Debug */,
				E19FF0C726E1434100C96C38 /* Release */,
			);
			defaultConfigurationIsVisible = 0;
			defaultConfigurationName = Release;
		};
/* End XCConfigurationList section */
	};
	rootObject = E19FF0A926E1433F00C96C38 /* Project object */;
}
